{
  "nodes": {
    "cross-naersk": {
      "inputs": {
        "naersk": [
          "naersk"
        ],
        "nixpkgs": [
          "nixpkgs"
        ]
      },
      "locked": {
        "lastModified": 1689107909,
        "narHash": "sha256-fb+zxf7AWesECHx1foXOM3NcKHLrdeXzGb6s2AhT6pE=",
        "owner": "icewind1991",
        "repo": "cross-naersk",
        "rev": "51de54599de569e6faa2ee33dd659c5c028d9911",
        "type": "github"
      },
      "original": {
        "owner": "icewind1991",
        "repo": "cross-naersk",
        "type": "github"
      }
    },
    "naersk": {
      "inputs": {
        "nixpkgs": [
          "nixpkgs"
        ]
      },
      "locked": {
        "lastModified": 1690373729,
        "narHash": "sha256-e136hTT7LqQ2QjOTZQMW+jnsevWwBpMj78u6FRUsH9I=",
        "owner": "nix-community",
        "repo": "naersk",
        "rev": "d9a33d69a9c421d64c8d925428864e93be895dcc",
        "type": "github"
      },
      "original": {
        "owner": "nix-community",
        "repo": "naersk",
        "type": "github"
      }
    },
    "nixpkgs": {
      "locked": {
        "lastModified": 1691328192,
        "narHash": "sha256-w59N1zyDQ7SupfMJLFvtms/SIVbdryqlw5AS4+DiH+Y=",
        "owner": "NixOS",
        "repo": "nixpkgs",
        "rev": "61676e4dcfeeb058f255294bcb08ea7f3bc3ce56",
        "type": "github"
      },
      "original": {
        "owner": "NixOS",
        "ref": "nixos-23.05",
        "repo": "nixpkgs",
        "type": "github"
      }
    },
    "root": {
      "inputs": {
        "cross-naersk": "cross-naersk",
        "naersk": "naersk",
        "nixpkgs": "nixpkgs",
        "rust-overlay": "rust-overlay",
        "utils": "utils"
      }
    },
    "rust-overlay": {
      "inputs": {
        "flake-utils": [
          "utils"
        ],
        "nixpkgs": [
          "nixpkgs"
        ]
      },
      "locked": {
        "lastModified": 1691374719,
        "narHash": "sha256-HCodqnx1Mi2vN4f3hjRPc7+lSQy18vRn8xWW68GeQOg=",
        "owner": "oxalica",
        "repo": "rust-overlay",
        "rev": "b520a3889b24aaf909e287d19d406862ced9ffc9",
        "type": "github"
      },
      "original": {
        "owner": "oxalica",
        "repo": "rust-overlay",
        "type": "github"
      }
    },
    "systems": {
      "locked": {
        "lastModified": 1681028828,
        "narHash": "sha256-Vy1rq5AaRuLzOxct8nz4T6wlgyUR7zLU309k9mBC768=",
        "owner": "nix-systems",
        "repo": "default",
        "rev": "da67096a3b9bf56a91d16901293e51ba5b49a27e",
        "type": "github"
      },
      "original": {
        "owner": "nix-systems",
        "repo": "default",
        "type": "github"
      }
    },
    "utils": {
      "inputs": {
        "systems": "systems"
      },
      "locked": {
        "lastModified": 1689068808,
        "narHash": "sha256-6ixXo3wt24N/melDWjq70UuHQLxGV8jZvooRanIHXw0=",
        "owner": "numtide",
        "repo": "flake-utils",
        "rev": "919d646de7be200f3bf08cb76ae1f09402b6f9b4",
        "type": "github"
      },
      "original": {
        "owner": "numtide",
        "repo": "flake-utils",
        "type": "github"
      }
    }
  },
  "root": "root",
  "version": 7
}
